Microsoft Visual Studio Solution File, Format Version 12.00
# Visual Studio Version 17
VisualStudioVersion = 17.5.2.0
MinimumVisualStudioVersion = 10.0.40219.1
Project("{FAE04EC0-301F-11D3-BF4B-00C04F79EFBC}") = "Sistema de Biblioteca - C#", "Sistema de Biblioteca - C#.csproj", "{B94DA294-98B0-42FC-A884-9D01613519C6}"
EndProject
Global
	GlobalSection(SolutionConfigurationPlatforms) = preSolution
		Debug|Any CPU = Debug|Any CPU
		Release|Any CPU = Release|Any CPU
	EndGlobalSection
	GlobalSection(ProjectConfigurationPlatforms) = postSolution
		{B94DA294-98B0-42FC-A884-9D01613519C6}.Debug|Any CPU.ActiveCfg = Debug|Any CPU
		{B94DA294-98B0-42FC-A884-9D01613519C6}.Debug|Any CPU.Build.0 = Debug|Any CPU
		{B94DA294-98B0-42FC-A884-9D01613519C6}.Release|Any CPU.ActiveCfg = Release|Any CPU
		{B94DA294-98B0-42FC-A884-9D01613519C6}.Release|Any CPU.Build.0 = Release|Any CPU
	EndGlobalSection
	GlobalSection(SolutionProperties) = preSolution
		HideSolutionNode = FALSE
	EndGlobalSection
	GlobalSection(ExtensibilityGlobals) = postSolution
		SolutionGuid = {C11B2D11-ACD0-42E3-9021-134A84DE24CA}
	EndGlobalSection
EndGlobal
